
Microsoft Visual Studio Solution File, Format Version 12.00
# Visual Studio Version 17
VisualStudioVersion = 17.11.35222.181
MinimumVisualStudioVersion = 10.0.40219.1
Project("{FAE04EC0-301F-11D3-BF4B-00C04F79EFBC}") = "VRPOproject", "VRPOproject.csproj", "{C6687049-3E88-4747-AB12-16691440F496}"
EndProject
Global
	GlobalSection(SolutionConfigurationPlatforms) = preSolution
		Debug|Any CPU = Debug|Any CPU
		Release|Any CPU = Release|Any CPU
	EndGlobalSection
	GlobalSection(ProjectConfigurationPlatforms) = postSolution
		{C6687049-3E88-4747-AB12-16691440F496}.Debug|Any CPU.ActiveCfg = Debug|Any CPU
		{C6687049-3E88-4747-AB12-16691440F496}.Debug|Any CPU.Build.0 = Debug|Any CPU
		{C6687049-3E88-4747-AB12-16691440F496}.Release|Any CPU.ActiveCfg = Release|Any CPU
		{C6687049-3E88-4747-AB12-16691440F496}.Release|Any CPU.Build.0 = Release|Any CPU
	EndGlobalSection
	GlobalSection(SolutionProperties) = preSolution
		HideSolutionNode = FALSE
	EndGlobalSection
	GlobalSection(ExtensibilityGlobals) = postSolution
		SolutionGuid = {A5C9B3EF-5C9B-4ACD-82AA-6DE0660B27FD}
	EndGlobalSection
EndGlobal
